<?xml version="1.0" encoding="utf-8"?>
<Project ToolsVersion="4.0" xmlns="http://schemas.microsoft.com/developer/msbuild/2003">
  <ItemGroup>
    <ClCompile Include="GameClient.cpp" />
    <ClCompile Include="GameServer.cpp" />
    <ClCompile Include="graphics\GraphicsEngine.cpp" />
    <ClCompile Include="network\Packet.cpp" />
    <ClCompile Include="network\Socket.cpp" />
    <ClCompile Include="network\TCPConnection.cpp" />
    <ClCompile Include="network\TCPListener.cpp" />
    <ClCompile Include="utility\InputHandler.cpp" />
    <ClCompile Include="utility\ObjLoader.cpp" />
    <ClCompile Include="utility\Player.cpp" />
    <ClCompile Include="network\PacketHandler.cpp" />
    <ClCompile Include="utility\ObjectDB.cpp" />
    <ClCompile Include="utility\IdGenerator.cpp" />
    <ClCompile Include="utility\GameObject.cpp" />
    <ClCompile Include="utility\GameState.cpp" />
    <ClCompile Include="graphics\Shader.cpp" />
  </ItemGroup>
  <ItemGroup>
    <ClInclude Include="GameClient.h" />
    <ClInclude Include="GameServer.h" />
    <ClInclude Include="graphics\Cube.h" />
    <ClInclude Include="graphics\ActionEvent.h" />
    <ClInclude Include="graphics\Geode.h" />
    <ClInclude Include="graphics\Geometry.h" />
    <ClInclude Include="graphics\GraphicsEngine.h" />
    <ClInclude Include="graphics\MatrixNode.h" />
    <ClInclude Include="graphics\Node.h" />
    <ClInclude Include="graphics\Renderable.h" />
    <ClInclude Include="network\Endianness.h" />
    <ClInclude Include="network\Packet.h" />
    <ClInclude Include="network\Socket.h" />
    <ClInclude Include="network\TCPConnection.h" />
    <ClInclude Include="network\TCPListener.h" />
    <ClInclude Include="utility\Event.h" />
    <ClInclude Include="utility\InputHandler.h" />
    <ClInclude Include="utility\ObjLoader.h" />
    <ClInclude Include="utility\Player.h" />
    <ClInclude Include="graphics\CameraNode.h" />
    <ClInclude Include="utility\MoveEvent.h" />
    <ClInclude Include="utility\System.h" />
    <ClInclude Include="network\PacketHandler.h" />
    <ClInclude Include="utility\Serializable.h" />
    <ClInclude Include="utility\ObjectDB.h" />
    <ClInclude Include="graphics\TextureLoad.h" />
    <ClInclude Include="utility\IdGenerator.h" />
    <ClInclude Include="utility\GameObject.h" />
    <ClInclude Include="utility\BlobModel.h" />
    <ClInclude Include="utility\GameState.h" />
    <ClInclude Include="graphics\Skybox.h" />
    <ClInclude Include="graphics\Shader.h" />
  </ItemGroup>
  <ItemGroup>
    <None Include="Network\Endianness.inl" />
  </ItemGroup>
</Project>