<?xml version="1.0" encoding="utf-8"?>
<Project ToolsVersion="4.0" xmlns="http://schemas.microsoft.com/developer/msbuild/2003">
  <ItemGroup>
    <ClCompile Include="GameClient.cpp" />
    <ClCompile Include="GameServer.cpp" />
    <ClCompile Include="Graphics\GraphicsEngine.cpp" />
    <ClCompile Include="graphics\Shader.cpp" />
    <ClCompile Include="network\Packet.cpp" />
    <ClCompile Include="network\PacketHandler.cpp" />
    <ClCompile Include="Network\Socket.cpp" />
    <ClCompile Include="Network\TCPConnection.cpp" />
    <ClCompile Include="Network\TCPListener.cpp" />
    <ClCompile Include="utility\GameEngine.cpp" />
    <ClCompile Include="utility\GameObject.cpp" />
    <ClCompile Include="utility\GameState.cpp" />
    <ClCompile Include="utility\IdGenerator.cpp" />
    <ClCompile Include="utility\InputHandler.cpp" />
    <ClCompile Include="utility\MenuState.cpp" />
    <ClCompile Include="utility\MoveableObject.cpp" />
    <ClCompile Include="utility\ObjectDB.cpp" />
    <ClCompile Include="Utility\ObjLoader.cpp" />
    <ClCompile Include="utility\Player.cpp" />
    <ClCompile Include="utility\Resource.cpp" />
    <ClCompile Include="utility\Model.cpp" />
    <ClCompile Include="graphics\Shader.cpp" />
    <ClCompile Include="utility\GameEngine.cpp" />
    <ClCompile Include="physics\MoveableObject.cpp" />
    <ClCompile Include="physics\PhysicsEngine.cpp" />
    <ClCompile Include="physics\GravityGenerator.cpp" />
    <ClCompile Include="physics\DragGenerator.cpp" />
  </ItemGroup>
  <ItemGroup>
    <ClInclude Include="GameClient.h" />
    <ClInclude Include="GameServer.h" />
    <ClInclude Include="graphics\CameraNode.h" />
    <ClInclude Include="Graphics\Cube.h" />
    <ClInclude Include="graphics\ActionEvent.h" />
    <ClInclude Include="graphics\Geode.h" />
    <ClInclude Include="Graphics\Geometry.h" />
    <ClInclude Include="Graphics\GraphicsEngine.h" />
    <ClInclude Include="graphics\MatrixNode.h" />
    <ClInclude Include="graphics\Node.h" />
    <ClInclude Include="Graphics\Renderable.h" />
    <ClInclude Include="graphics\Shader.h" />
    <ClInclude Include="graphics\Skybox.h" />
    <ClInclude Include="graphics\TextureLoad.h" />
    <ClInclude Include="Network\Endianness.h" />
    <ClInclude Include="network\Packet.h" />
    <ClInclude Include="network\PacketHandler.h" />
    <ClInclude Include="Network\Socket.h" />
    <ClInclude Include="Network\TCPConnection.h" />
    <ClInclude Include="Network\TCPListener.h" />
    <ClInclude Include="utility\BlobModel.h" />
    <ClInclude Include="utility\Event.h" />
    <ClInclude Include="utility\GameObject.h" />
    <ClInclude Include="utility\GameState.h" />
    <ClInclude Include="utility\IGameState.h" />
    <ClInclude Include="utility\IdGenerator.h" />
    <ClInclude Include="utility\InputHandler.h" />
    <ClInclude Include="utility\MenuState.h" />
    <ClInclude Include="utility\MoveableObject.h" />
    <ClInclude Include="utility\ObjectDB.h" />
    <ClInclude Include="Utility\ObjLoader.h" />
    <ClInclude Include="utility\Player.h" />
    <ClInclude Include="utility\Resource.h" />
    <ClInclude Include="utility\Model.h" />
    <ClInclude Include="physics\MoveableObject.h" />
    <ClInclude Include="physics\PhysicsEngine.h" />
    <ClInclude Include="physics\ForceGenerator.h" />
    <ClInclude Include="physics\GravityGenerator.h" />
    <ClInclude Include="physics\DragGenerator.h" />
    <ClInclude Include="utility\Resources.h" />
    <ClInclude Include="utility\Serializable.h" />
    <ClInclude Include="utility\System.h" />
    <ClInclude Include="utility\PhysicsEngine.h" />
    <ClInclude Include="utility\IEatable.h" />
    <ClInclude Include="utility\GameEngine.h" />
    <ClInclude Include="utility\Status.h" />
  </ItemGroup>
  <ItemGroup>
    <None Include="ClassDiagram.cd" />
    <None Include="Network\Endianness.inl" />
  </ItemGroup>
</Project>